// !$*UTF8*$!
{
	archiveVersion = 1;
	classes = {
	};
	objectVersion = 46;
	objects = {

/* Begin PBXBuildFile section */
		7AB264101E83FA6600756968 /* AppDelegate.swift in Sources */ = {isa = PBXBuildFile; fileRef = 7AB2640F1E83FA6600756968 /* AppDelegate.swift */; };
		7AB264121E83FA6600756968 /* ViewController.swift in Sources */ = {isa = PBXBuildFile; fileRef = 7AB264111E83FA6600756968 /* ViewController.swift */; };
		7AB264151E83FA6600756968 /* Main.storyboard in Resources */ = {isa = PBXBuildFile; fileRef = 7AB264131E83FA6600756968 /* Main.storyboard */; };
		7AB264171E83FA6600756968 /* Assets.xcassets in Resources */ = {isa = PBXBuildFile; fileRef = 7AB264161E83FA6600756968 /* Assets.xcassets */; };
		7AB2641A1E83FA6600756968 /* LaunchScreen.storyboard in Resources */ = {isa = PBXBuildFile; fileRef = 7AB264181E83FA6600756968 /* LaunchScreen.storyboard */; };
		CA1904F4A638F7F793309047 /* Pods_EmptyProjectWithDoc.framework in Frameworks */ = {isa = PBXBuildFile; fileRef = A0168F19313C84592A01FAD1 /* Pods_EmptyProjectWithDoc.framework */; };
/* End PBXBuildFile section */

/* Begin PBXFileReference section */
		04CD98FCBA0BD31D34B41CC1 /* Pods-EmptyProjectWithDoc.debug.xcconfig */ = {isa = PBXFileReference; includeInIndex = 1; lastKnownFileType = text.xcconfig; name = "Pods-EmptyProjectWithDoc.debug.xcconfig"; path = "Pods/Target Support Files/Pods-EmptyProjectWithDoc/Pods-EmptyProjectWithDoc.debug.xcconfig"; sourceTree = "<group>"; };
		618CF013CD9118B42B1BFEAD /* Pods-EmptyProjectWithDoc.release.xcconfig */ = {isa = PBXFileReference; includeInIndex = 1; lastKnownFileType = text.xcconfig; name = "Pods-EmptyProjectWithDoc.release.xcconfig"; path = "Pods/Target Support Files/Pods-EmptyProjectWithDoc/Pods-EmptyProjectWithDoc.release.xcconfig"; sourceTree = "<group>"; };
		7AB2640C1E83FA6600756968 /* EmptyProjectWithDoc.app */ = {isa = PBXFileReference; explicitFileType = wrapper.application; includeInIndex = 0; path = EmptyProjectWithDoc.app; sourceTree = BUILT_PRODUCTS_DIR; };
		7AB2640F1E83FA6600756968 /* AppDelegate.swift */ = {isa = PBXFileReference; lastKnownFileType = sourcecode.swift; path = AppDelegate.swift; sourceTree = "<group>"; };
		7AB264111E83FA6600756968 /* ViewController.swift */ = {isa = PBXFileReference; lastKnownFileType = sourcecode.swift; path = ViewController.swift; sourceTree = "<group>"; };
		7AB264141E83FA6600756968 /* Base */ = {isa = PBXFileReference; lastKnownFileType = file.storyboard; name = Base; path = Base.lproj/Main.storyboard; sourceTree = "<group>"; };
		7AB264161E83FA6600756968 /* Assets.xcassets */ = {isa = PBXFileReference; lastKnownFileType = folder.assetcatalog; path = Assets.xcassets; sourceTree = "<group>"; };
		7AB264191E83FA6600756968 /* Base */ = {isa = PBXFileReference; lastKnownFileType = file.storyboard; name = Base; path = Base.lproj/LaunchScreen.storyboard; sourceTree = "<group>"; };
		7AB2641B1E83FA6600756968 /* Info.plist */ = {isa = PBXFileReference; lastKnownFileType = text.plist.xml; path = Info.plist; sourceTree = "<group>"; };
		A0168F19313C84592A01FAD1 /* Pods_EmptyProjectWithDoc.framework */ = {isa = PBXFileReference; explicitFileType = wrapper.framework; includeInIndex = 0; path = Pods_EmptyProjectWithDoc.framework; sourceTree = BUILT_PRODUCTS_DIR; };
/* End PBXFileReference section */

/* Begin PBXFrameworksBuildPhase section */
		7AB264091E83FA6600756968 /* Frameworks */ = {
			isa = PBXFrameworksBuildPhase;
			buildActionMask = 2147483647;
			files = (
				CA1904F4A638F7F793309047 /* Pods_EmptyProjectWithDoc.framework in Frameworks */,
			);
			runOnlyForDeploymentPostprocessing = 0;
		};
/* End PBXFrameworksBuildPhase section */

/* Begin PBXGroup section */
		7AB264031E83FA6600756968 = {
			isa = PBXGroup;
			children = (
				7AB2640E1E83FA6600756968 /* EmptyProjectWithDoc */,
				7AB2640D1E83FA6600756968 /* Products */,
				8F5EB2C47F9D2F846ED9A8E9 /* Pods */,
				F3A883E9F56869F92B899E59 /* Frameworks */,
			);
			sourceTree = "<group>";
		};
		7AB2640D1E83FA6600756968 /* Products */ = {
			isa = PBXGroup;
			children = (
				7AB2640C1E83FA6600756968 /* EmptyProjectWithDoc.app */,
			);
			name = Products;
			sourceTree = "<group>";
		};
		7AB2640E1E83FA6600756968 /* EmptyProjectWithDoc */ = {
			isa = PBXGroup;
			children = (
				7AB2640F1E83FA6600756968 /* AppDelegate.swift */,
				7AB264111E83FA6600756968 /* ViewController.swift */,
				7AB264131E83FA6600756968 /* Main.storyboard */,
				7AB264161E83FA6600756968 /* Assets.xcassets */,
				7AB264181E83FA6600756968 /* LaunchScreen.storyboard */,
				7AB2641B1E83FA6600756968 /* Info.plist */,
			);
			path = EmptyProjectWithDoc;
			sourceTree = "<group>";
		};
		8F5EB2C47F9D2F846ED9A8E9 /* Pods */ = {
			isa = PBXGroup;
			children = (
				04CD98FCBA0BD31D34B41CC1 /* Pods-EmptyProjectWithDoc.debug.xcconfig */,
				618CF013CD9118B42B1BFEAD /* Pods-EmptyProjectWithDoc.release.xcconfig */,
			);
			name = Pods;
			sourceTree = "<group>";
		};
		F3A883E9F56869F92B899E59 /* Frameworks */ = {
			isa = PBXGroup;
			children = (
				A0168F19313C84592A01FAD1 /* Pods_EmptyProjectWithDoc.framework */,
			);
			name = Frameworks;
			sourceTree = "<group>";
		};
/* End PBXGroup section */

/* Begin PBXNativeTarget section */
		7AB2640B1E83FA6600756968 /* EmptyProjectWithDoc */ = {
			isa = PBXNativeTarget;
			buildConfigurationList = 7AB2641E1E83FA6600756968 /* Build configuration list for PBXNativeTarget "EmptyProjectWithDoc" */;
			buildPhases = (
				9943A8E41680AA8E7EC7A692 /* [CP] Check Pods Manifest.lock */,
				7AB264081E83FA6600756968 /* Sources */,
				7AB264091E83FA6600756968 /* Frameworks */,
				7AB2640A1E83FA6600756968 /* Resources */,
				03AE6E0A78CB7DDBDCA5B42E /* [CP] Embed Pods Frameworks */,
				AFCE6F0062F5A2F8D9AA2186 /* [CP] Copy Pods Resources */,
			);
			buildRules = (
			);
			dependencies = (
			);
			name = EmptyProjectWithDoc;
			productName = EmptyProjectWithDoc;
			productReference = 7AB2640C1E83FA6600756968 /* EmptyProjectWithDoc.app */;
			productType = "com.apple.product-type.application";
		};
/* End PBXNativeTarget section */

/* Begin PBXProject section */
		7AB264041E83FA6600756968 /* Project object */ = {
			isa = PBXProject;
			attributes = {
				LastSwiftUpdateCheck = 0820;
				LastUpgradeCheck = 0820;
				ORGANIZATIONNAME = "Perfectly-Cooked";
				TargetAttributes = {
					7AB2640B1E83FA6600756968 = {
						CreatedOnToolsVersion = 8.2.1;
						DevelopmentTeam = 8VS9JKFDZS;
						ProvisioningStyle = Automatic;
					};
				};
			};
			buildConfigurationList = 7AB264071E83FA6600756968 /* Build configuration list for PBXProject "EmptyProjectWithDoc" */;
			compatibilityVersion = "Xcode 3.2";
			developmentRegion = English;
			hasScannedForEncodings = 0;
			knownRegions = (
				en,
				Base,
			);
			mainGroup = 7AB264031E83FA6600756968;
			productRefGroup = 7AB2640D1E83FA6600756968 /* Products */;
			projectDirPath = "";
			projectRoot = "";
			targets = (
				7AB2640B1E83FA6600756968 /* EmptyProjectWithDoc */,
			);
		};
/* End PBXProject section */

/* Begin PBXResourcesBuildPhase section */
		7AB2640A1E83FA6600756968 /* Resources */ = {
			isa = PBXResourcesBuildPhase;
			buildActionMask = 2147483647;
			files = (
				7AB2641A1E83FA6600756968 /* LaunchScreen.storyboard in Resources */,
				7AB264171E83FA6600756968 /* Assets.xcassets in Resources */,
				7AB264151E83FA6600756968 /* Main.storyboard in Resources */,
			);
			runOnlyForDeploymentPostprocessing = 0;
		};
/* End PBXResourcesBuildPhase section */

/* Begin PBXShellScriptBuildPhase section */
		03AE6E0A78CB7DDBDCA5B42E /* [CP] Embed Pods Frameworks */ = {
			isa = PBXShellScriptBuildPhase;
			buildActionMask = 2147483647;
			files = (
			);
			inputPaths = (
			);
			name = "[CP] Embed Pods Frameworks";
			outputPaths = (
			);
			runOnlyForDeploymentPostprocessing = 0;
			shellPath = /bin/sh;
			shellScript = "\"${SRCROOT}/Pods/Target Support Files/Pods-EmptyProjectWithDoc/Pods-EmptyProjectWithDoc-frameworks.sh\"\n";
			showEnvVarsInLog = 0;
		};
		9943A8E41680AA8E7EC7A692 /* [CP] Check Pods Manifest.lock */ = {
			isa = PBXShellScriptBuildPhase;
			buildActionMask = 2147483647;
			files = (
			);
			inputPaths = (
			);
			name = "[CP] Check Pods Manifest.lock";
			outputPaths = (
			);
			runOnlyForDeploymentPostprocessing = 0;
			shellPath = /bin/sh;
			shellScript = "diff \"${PODS_ROOT}/../Podfile.lock\" \"${PODS_ROOT}/Manifest.lock\" > /dev/null\nif [ $? != 0 ] ; then\n    # print error to STDERR\n    echo \"error: The sandbox is not in sync with the Podfile.lock. Run 'pod install' or update your CocoaPods installation.\" >&2\n    exit 1\nfi\n";
			showEnvVarsInLog = 0;
		};
		AFCE6F0062F5A2F8D9AA2186 /* [CP] Copy Pods Resources */ = {
			isa = PBXShellScriptBuildPhase;
			buildActionMask = 2147483647;
			files = (
			);
			inputPaths = (
			);
			name = "[CP] Copy Pods Resources";
			outputPaths = (
			);
			runOnlyForDeploymentPostprocessing = 0;
			shellPath = /bin/sh;
			shellScript = "\"${SRCROOT}/Pods/Target Support Files/Pods-EmptyProjectWithDoc/Pods-EmptyProjectWithDoc-resources.sh\"\n";
			showEnvVarsInLog = 0;
		};
/* End PBXShellScriptBuildPhase section */

/* Begin PBXSourcesBuildPhase section */
		7AB264081E83FA6600756968 /* Sources */ = {
			isa = PBXSourcesBuildPhase;
			buildActionMask = 2147483647;
			files = (
				7AB264121E83FA6600756968 /* ViewController.swift in Sources */,
				7AB264101E83FA6600756968 /* AppDelegate.swift in Sources */,
			);
			runOnlyForDeploymentPostprocessing = 0;
		};
/* End PBXSourcesBuildPhase section */

/* Begin PBXVariantGroup section */
		7AB264131E83FA6600756968 /* Main.storyboard */ = {
			isa = PBXVariantGroup;
			children = (
				7AB264141E83FA6600756968 /* Base */,
			);
			name = Main.storyboard;
			sourceTree = "<group>";
		};
		7AB264181E83FA6600756968 /* LaunchScreen.storyboard */ = {
			isa = PBXVariantGroup;
			children = (
				7AB264191E83FA6600756968 /* Base */,
			);
			name = LaunchScreen.storyboard;
			sourceTree = "<group>";
		};
/* End PBXVariantGroup section */

/* Begin XCBuildConfiguration section */
		7AB2641C1E83FA6600756968 /* Debug */ = {
			isa = XCBuildConfiguration;
			buildSettings = {
				ALWAYS_SEARCH_USER_PATHS = NO;
				CLANG_ANALYZER_NONNULL = YES;
				CLANG_CXX_LANGUAGE_STANDARD = "gnu++0x";
				CLANG_CXX_LIBRARY = "libc++";
				CLANG_ENABLE_MODULES = YES;
				CLANG_ENABLE_OBJC_ARC = YES;
				CLANG_WARN_BOOL_CONVERSION = YES;
				CLANG_WARN_CONSTANT_CONVERSION = YES;
				CLANG_WARN_DIRECT_OBJC_ISA_USAGE = YES_ERROR;
				CLANG_WARN_DOCUMENTATION_COMMENTS = YES;
				CLANG_WARN_EMPTY_BODY = YES;
				CLANG_WARN_ENUM_CONVERSION = YES;
				CLANG_WARN_INFINITE_RECURSION = YES;
				CLANG_WARN_INT_CONVERSION = YES;
				CLANG_WARN_OBJC_ROOT_CLASS = YES_ERROR;
				CLANG_WARN_SUSPICIOUS_MOVE = YES;
				CLANG_WARN_UNREACHABLE_CODE = YES;
				CLANG_WARN__DUPLICATE_METHOD_MATCH = YES;
				"CODE_SIGN_IDENTITY[sdk=iphoneos*]" = "iPhone Developer";
				COPY_PHASE_STRIP = NO;
				DEBUG_INFORMATION_FORMAT = dwarf;
				ENABLE_STRICT_OBJC_MSGSEND = YES;
				ENABLE_TESTABILITY = YES;
				GCC_C_LANGUAGE_STANDARD = gnu99;
				GCC_DYNAMIC_NO_PIC = NO;
				GCC_NO_COMMON_BLOCKS = YES;
				GCC_OPTIMIZATION_LEVEL = 0;
				GCC_PREPROCESSOR_DEFINITIONS = (
					"DEBUG=1",
					"$(inherited)",
				);
				GCC_WARN_64_TO_32_BIT_CONVERSION = YES;
				GCC_WARN_ABOUT_RETURN_TYPE = YES_ERROR;
				GCC_WARN_UNDECLARED_SELECTOR = YES;
				GCC_WARN_UNINITIALIZED_AUTOS = YES_AGGRESSIVE;
				GCC_WARN_UNUSED_FUNCTION = YES;
				GCC_WARN_UNUSED_VARIABLE = YES;
				IPHONEOS_DEPLOYMENT_TARGET = 10.2;
				MTL_ENABLE_DEBUG_INFO = YES;
				ONLY_ACTIVE_ARCH = YES;
				SDKROOT = iphoneos;
				SWIFT_ACTIVE_COMPILATION_CONDITIONS = DEBUG;
				SWIFT_OPTIMIZATION_LEVEL = "-Onone";
				TARGETED_DEVICE_FAMILY = "1,2";
			};
			name = Debug;
		};
		7AB2641D1E83FA6600756968 /* Release */ = {
			isa = XCBuildConfiguration;
			buildSettings = {
				ALWAYS_SEARCH_USER_PATHS = NO;
				CLANG_ANALYZER_NONNULL = YES;
				CLANG_CXX_LANGUAGE_STANDARD = "gnu++0x";
				CLANG_CXX_LIBRARY = "libc++";
				CLANG_ENABLE_MODULES = YES;
				CLANG_ENABLE_OBJC_ARC = YES;
				CLANG_WARN_BOOL_CONVERSION = YES;
				CLANG_WARN_CONSTANT_CONVERSION = YES;
				CLANG_WARN_DIRECT_OBJC_ISA_USAGE = YES_ERROR;
				CLANG_WARN_DOCUMENTATION_COMMENTS = YES;
				CLANG_WARN_EMPTY_BODY = YES;
				CLANG_WARN_ENUM_CONVERSION = YES;
				CLANG_WARN_INFINITE_RECURSION = YES;
				CLANG_WARN_INT_CONVERSION = YES;
				CLANG_WARN_OBJC_ROOT_CLASS = YES_ERROR;
				CLANG_WARN_SUSPICIOUS_MOVE = YES;
				CLANG_WARN_UNREACHABLE_CODE = YES;
				CLANG_WARN__DUPLICATE_METHOD_MATCH = YES;
				"CODE_SIGN_IDENTITY[sdk=iphoneos*]" = "iPhone Developer";
				COPY_PHASE_STRIP = NO;
				DEBUG_INFORMATION_FORMAT = "dwarf-with-dsym";
				ENABLE_NS_ASSERTIONS = NO;
				ENABLE_STRICT_OBJC_MSGSEND = YES;
				GCC_C_LANGUAGE_STANDARD = gnu99;
				GCC_NO_COMMON_BLOCKS = YES;
				GCC_WARN_64_TO_32_BIT_CONVERSION = YES;
				GCC_WARN_ABOUT_RETURN_TYPE = YES_ERROR;
				GCC_WARN_UNDECLARED_SELECTOR = YES;
				GCC_WARN_UNINITIALIZED_AUTOS = YES_AGGRESSIVE;
				GCC_WARN_UNUSED_FUNCTION = YES;
				GCC_WARN_UNUSED_VARIABLE = YES;
				IPHONEOS_DEPLOYMENT_TARGET = 10.2;
				MTL_ENABLE_DEBUG_INFO = NO;
				SDKROOT = iphoneos;
				SWIFT_OPTIMIZATION_LEVEL = "-Owholemodule";
				TARGETED_DEVICE_FAMILY = "1,2";
				VALIDATE_PRODUCT = YES;
			};
			name = Release;
		};
		7AB2641F1E83FA6600756968 /* Debug */ = {
			isa = XCBuildConfiguration;
			baseConfigurationReference = 04CD98FCBA0BD31D34B41CC1 /* Pods-EmptyProjectWithDoc.debug.xcconfig */;
			buildSettings = {
				ASSETCATALOG_COMPILER_APPICON_NAME = AppIcon;
				DEVELOPMENT_TEAM = 8VS9JKFDZS;
				INFOPLIST_FILE = EmptyProjectWithDoc/Info.plist;
				LD_RUNPATH_SEARCH_PATHS = "$(inherited) @executable_path/Frameworks";
				PRODUCT_BUNDLE_IDENTIFIER = "com.perfectly-cooked.EmptyProjectWithDoc";
				PRODUCT_NAME = "$(TARGET_NAME)";
				SWIFT_VERSION = 3.0;
			};
			name = Debug;
		};
		7AB264201E83FA6600756968 /* Release */ = {
			isa = XCBuildConfiguration;
			baseConfigurationReference = 618CF013CD9118B42B1BFEAD /* Pods-EmptyProjectWithDoc.release.xcconfig */;
			buildSettings = {
				ASSETCATALOG_COMPILER_APPICON_NAME = AppIcon;
				DEVELOPMENT_TEAM = 8VS9JKFDZS;
				INFOPLIST_FILE = EmptyProjectWithDoc/Info.plist;
				LD_RUNPATH_SEARCH_PATHS = "$(inherited) @executable_path/Frameworks";
				PRODUCT_BUNDLE_IDENTIFIER = "com.perfectly-cooked.EmptyProjectWithDoc";
				PRODUCT_NAME = "$(TARGET_NAME)";
				SWIFT_VERSION = 3.0;
			};
			name = Release;
		};
/* End XCBuildConfiguration section */

/* Begin XCConfigurationList section */
		7AB264071E83FA6600756968 /* Build configuration list for PBXProject "EmptyProjectWithDoc" */ = {
			isa = XCConfigurationList;
			buildConfigurations = (
				7AB2641C1E83FA6600756968 /* Debug */,
				7AB2641D1E83FA6600756968 /* Release */,
			);
			defaultConfigurationIsVisible = 0;
			defaultConfigurationName = Release;
		};
		7AB2641E1E83FA6600756968 /* Build configuration list for PBXNativeTarget "EmptyProjectWithDoc" */ = {
			isa = XCConfigurationList;
			buildConfigurations = (
				7AB2641F1E83FA6600756968 /* Debug */,
				7AB264201E83FA6600756968 /* Release */,
			);
			defaultConfigurationIsVisible = 0;
		};
/* End XCConfigurationList section */
	};
	rootObject = 7AB264041E83FA6600756968 /* Project object */;
}
